
Microsoft Visual Studio Solution File, Format Version 12.00
# Visual Studio Version 17
VisualStudioVersion = 17.14.36623.8 d17.14
MinimumVisualStudioVersion = 10.0.40219.1
Project("{FAE04EC0-301F-11D3-BF4B-00C04F79EFBC}") = "InterfacesDemo", "InterfacesDemo\InterfacesDemo.csproj", "{755898B0-FA48-411F-8056-21F9920C573E}"
EndProject
Global
	GlobalSection(SolutionConfigurationPlatforms) = preSolution
		Debug|Any CPU = Debug|Any CPU
		Release|Any CPU = Release|Any CPU
	EndGlobalSection
	GlobalSection(ProjectConfigurationPlatforms) = postSolution
		{755898B0-FA48-411F-8056-21F9920C573E}.Debug|Any CPU.ActiveCfg = Debug|Any CPU
		{755898B0-FA48-411F-8056-21F9920C573E}.Debug|Any CPU.Build.0 = Debug|Any CPU
		{755898B0-FA48-411F-8056-21F9920C573E}.Release|Any CPU.ActiveCfg = Release|Any CPU
		{755898B0-FA48-411F-8056-21F9920C573E}.Release|Any CPU.Build.0 = Release|Any CPU
	EndGlobalSection
	GlobalSection(SolutionProperties) = preSolution
		HideSolutionNode = FALSE
	EndGlobalSection
	GlobalSection(ExtensibilityGlobals) = postSolution
		SolutionGuid = {F4248379-F5B0-466E-8C3E-C103AEE289D7}
	EndGlobalSection
EndGlobal
